
Microsoft Visual Studio Solution File, Format Version 12.00
# Visual Studio Version 17
VisualStudioVersion = 17.2.32630.192
MinimumVisualStudioVersion = 10.0.40219.1
Project("{9A19103F-16F7-4668-BE54-9A1E7A4F7556}") = "turbo-waffle.API", "src\turbo-waffle.API\turbo-waffle.API.csproj", "{DCFB6BBD-6C7A-4236-8C4A-74FE2C4D5351}"
EndProject
Project("{2150E333-8FDC-42A3-9474-1A3956D46DE8}") = "src", "src", "{72ADF12D-58B4-4780-A48B-3B2AE30C2483}"
EndProject
Project("{9A19103F-16F7-4668-BE54-9A1E7A4F7556}") = "turbo-waffle.Core", "src\turbo-waffle.Core\turbo-waffle.Core.csproj", "{2F9D37A8-98B6-43B5-AC5A-08E3F25CFD81}"
EndProject
Project("{9A19103F-16F7-4668-BE54-9A1E7A4F7556}") = "turbo-waffle.Infrastructure", "src\turbo-waffle.Infrastructure\turbo-waffle.Infrastructure.csproj", "{A436E88E-DB2C-4E6B-95B9-A0CD18F49CB6}"
EndProject
Project("{2150E333-8FDC-42A3-9474-1A3956D46DE8}") = "shared", "shared", "{6BDD8DAB-35E0-4F2C-BCA0-0A007937AAB0}"
EndProject
Project("{FAE04EC0-301F-11D3-BF4B-00C04F79EFBC}") = "turbo-waffle.Shared.Abstraction", "src\shared\turbo-waffle.Shared.Abstraction\turbo-waffle.Shared.Abstraction.csproj", "{700AEA22-C905-4B26-8E90-D9F130F4F04F}"
EndProject
Project("{FAE04EC0-301F-11D3-BF4B-00C04F79EFBC}") = "turbo-waffle.Shared.Infrastructure", "src\shared\turbo-waffle.Shared.Infrastructure\turbo-waffle.Shared.Infrastructure.csproj", "{C4F92B7E-629F-4F01-B9FA-986D6AC040CB}"
EndProject
Project("{FAE04EC0-301F-11D3-BF4B-00C04F79EFBC}") = "turbo-waffel.Application", "src\turbo-waffel.Application\turbo-waffel.Application.csproj", "{7B24A51B-2422-40E4-86F3-D7836881BEAF}"
EndProject
Global
	GlobalSection(SolutionConfigurationPlatforms) = preSolution
		Debug|Any CPU = Debug|Any CPU
		Release|Any CPU = Release|Any CPU
	EndGlobalSection
	GlobalSection(ProjectConfigurationPlatforms) = postSolution
		{DCFB6BBD-6C7A-4236-8C4A-74FE2C4D5351}.Debug|Any CPU.ActiveCfg = Debug|Any CPU
		{DCFB6BBD-6C7A-4236-8C4A-74FE2C4D5351}.Debug|Any CPU.Build.0 = Debug|Any CPU
		{DCFB6BBD-6C7A-4236-8C4A-74FE2C4D5351}.Release|Any CPU.ActiveCfg = Release|Any CPU
		{DCFB6BBD-6C7A-4236-8C4A-74FE2C4D5351}.Release|Any CPU.Build.0 = Release|Any CPU
		{2F9D37A8-98B6-43B5-AC5A-08E3F25CFD81}.Debug|Any CPU.ActiveCfg = Debug|Any CPU
		{2F9D37A8-98B6-43B5-AC5A-08E3F25CFD81}.Debug|Any CPU.Build.0 = Debug|Any CPU
		{2F9D37A8-98B6-43B5-AC5A-08E3F25CFD81}.Release|Any CPU.ActiveCfg = Release|Any CPU
		{2F9D37A8-98B6-43B5-AC5A-08E3F25CFD81}.Release|Any CPU.Build.0 = Release|Any CPU
		{A436E88E-DB2C-4E6B-95B9-A0CD18F49CB6}.Debug|Any CPU.ActiveCfg = Debug|Any CPU
		{A436E88E-DB2C-4E6B-95B9-A0CD18F49CB6}.Debug|Any CPU.Build.0 = Debug|Any CPU
		{A436E88E-DB2C-4E6B-95B9-A0CD18F49CB6}.Release|Any CPU.ActiveCfg = Release|Any CPU
		{A436E88E-DB2C-4E6B-95B9-A0CD18F49CB6}.Release|Any CPU.Build.0 = Release|Any CPU
		{700AEA22-C905-4B26-8E90-D9F130F4F04F}.Debug|Any CPU.ActiveCfg = Debug|Any CPU
		{700AEA22-C905-4B26-8E90-D9F130F4F04F}.Debug|Any CPU.Build.0 = Debug|Any CPU
		{700AEA22-C905-4B26-8E90-D9F130F4F04F}.Release|Any CPU.ActiveCfg = Release|Any CPU
		{700AEA22-C905-4B26-8E90-D9F130F4F04F}.Release|Any CPU.Build.0 = Release|Any CPU
		{C4F92B7E-629F-4F01-B9FA-986D6AC040CB}.Debug|Any CPU.ActiveCfg = Debug|Any CPU
		{C4F92B7E-629F-4F01-B9FA-986D6AC040CB}.Debug|Any CPU.Build.0 = Debug|Any CPU
		{C4F92B7E-629F-4F01-B9FA-986D6AC040CB}.Release|Any CPU.ActiveCfg = Release|Any CPU
		{C4F92B7E-629F-4F01-B9FA-986D6AC040CB}.Release|Any CPU.Build.0 = Release|Any CPU
		{7B24A51B-2422-40E4-86F3-D7836881BEAF}.Debug|Any CPU.ActiveCfg = Debug|Any CPU
		{7B24A51B-2422-40E4-86F3-D7836881BEAF}.Debug|Any CPU.Build.0 = Debug|Any CPU
		{7B24A51B-2422-40E4-86F3-D7836881BEAF}.Release|Any CPU.ActiveCfg = Release|Any CPU
		{7B24A51B-2422-40E4-86F3-D7836881BEAF}.Release|Any CPU.Build.0 = Release|Any CPU
	EndGlobalSection
	GlobalSection(SolutionProperties) = preSolution
		HideSolutionNode = FALSE
	EndGlobalSection
	GlobalSection(NestedProjects) = preSolution
		{DCFB6BBD-6C7A-4236-8C4A-74FE2C4D5351} = {72ADF12D-58B4-4780-A48B-3B2AE30C2483}
		{2F9D37A8-98B6-43B5-AC5A-08E3F25CFD81} = {72ADF12D-58B4-4780-A48B-3B2AE30C2483}
		{A436E88E-DB2C-4E6B-95B9-A0CD18F49CB6} = {72ADF12D-58B4-4780-A48B-3B2AE30C2483}
		{6BDD8DAB-35E0-4F2C-BCA0-0A007937AAB0} = {72ADF12D-58B4-4780-A48B-3B2AE30C2483}
		{700AEA22-C905-4B26-8E90-D9F130F4F04F} = {6BDD8DAB-35E0-4F2C-BCA0-0A007937AAB0}
		{C4F92B7E-629F-4F01-B9FA-986D6AC040CB} = {6BDD8DAB-35E0-4F2C-BCA0-0A007937AAB0}
		{7B24A51B-2422-40E4-86F3-D7836881BEAF} = {72ADF12D-58B4-4780-A48B-3B2AE30C2483}
	EndGlobalSection
	GlobalSection(ExtensibilityGlobals) = postSolution
		SolutionGuid = {2A2ADB2A-0E4C-441D-B8B7-B311483C2186}
	EndGlobalSection
EndGlobal
